
Microsoft Visual Studio Solution File, Format Version 12.00
# Visual Studio Version 17
VisualStudioVersion = 17.1.32210.238
MinimumVisualStudioVersion = 10.0.40219.1
Project("{FAE04EC0-301F-11D3-BF4B-00C04F79EFBC}") = "Uppgift 2.13", "Uppgift 2.13\Uppgift 2.13.csproj", "{AA11AB99-08CF-42EC-89F5-C412BAF73E1E}"
EndProject
Global
	GlobalSection(SolutionConfigurationPlatforms) = preSolution
		Debug|Any CPU = Debug|Any CPU
		Release|Any CPU = Release|Any CPU
	EndGlobalSection
	GlobalSection(ProjectConfigurationPlatforms) = postSolution
		{AA11AB99-08CF-42EC-89F5-C412BAF73E1E}.Debug|Any CPU.ActiveCfg = Debug|Any CPU
		{AA11AB99-08CF-42EC-89F5-C412BAF73E1E}.Debug|Any CPU.Build.0 = Debug|Any CPU
		{AA11AB99-08CF-42EC-89F5-C412BAF73E1E}.Release|Any CPU.ActiveCfg = Release|Any CPU
		{AA11AB99-08CF-42EC-89F5-C412BAF73E1E}.Release|Any CPU.Build.0 = Release|Any CPU
	EndGlobalSection
	GlobalSection(SolutionProperties) = preSolution
		HideSolutionNode = FALSE
	EndGlobalSection
	GlobalSection(ExtensibilityGlobals) = postSolution
		SolutionGuid = {AD72D731-D8FE-42C1-B47B-7C71DF2588B9}
	EndGlobalSection
EndGlobal
